// !$*UTF8*$!
{
	archiveVersion = 1;
	classes = {
	};
	objectVersion = 46;
	objects = {

/* Begin PBXBuildFile section */
		9318F6BB175DE8CE00003DF3 /* UIKit.framework in Frameworks */ = {isa = PBXBuildFile; fileRef = 9318F6BA175DE8CE00003DF3 /* UIKit.framework */; };
		9318F6BD175DE8CE00003DF3 /* Foundation.framework in Frameworks */ = {isa = PBXBuildFile; fileRef = 9318F6BC175DE8CE00003DF3 /* Foundation.framework */; };
		9318F6BF175DE8CE00003DF3 /* CoreGraphics.framework in Frameworks */ = {isa = PBXBuildFile; fileRef = 9318F6BE175DE8CE00003DF3 /* CoreGraphics.framework */; };
		9318F6C5175DE8CE00003DF3 /* InfoPlist.strings in Resources */ = {isa = PBXBuildFile; fileRef = 9318F6C3175DE8CE00003DF3 /* InfoPlist.strings */; };
		9318F6C7175DE8CE00003DF3 /* main.m in Sources */ = {isa = PBXBuildFile; fileRef = 9318F6C6175DE8CE00003DF3 /* main.m */; };
		9318F6CB175DE8CE00003DF3 /* RCHAppDelegate.m in Sources */ = {isa = PBXBuildFile; fileRef = 9318F6CA175DE8CE00003DF3 /* RCHAppDelegate.m */; };
		9318F6CD175DE8CE00003DF3 /* Default.png in Resources */ = {isa = PBXBuildFile; fileRef = 9318F6CC175DE8CE00003DF3 /* Default.png */; };
		9318F6CF175DE8CE00003DF3 /* Default@2x.png in Resources */ = {isa = PBXBuildFile; fileRef = 9318F6CE175DE8CE00003DF3 /* Default@2x.png */; };
		9318F6D1175DE8CE00003DF3 /* Default-568h@2x.png in Resources */ = {isa = PBXBuildFile; fileRef = 9318F6D0175DE8CE00003DF3 /* Default-568h@2x.png */; };
		9318F6D4175DE8CE00003DF3 /* RCHViewController.m in Sources */ = {isa = PBXBuildFile; fileRef = 9318F6D3175DE8CE00003DF3 /* RCHViewController.m */; };
		9318F6E2175DE8CF00003DF3 /* SenTestingKit.framework in Frameworks */ = {isa = PBXBuildFile; fileRef = 9318F6E1175DE8CF00003DF3 /* SenTestingKit.framework */; };
		9318F6E3175DE8CF00003DF3 /* UIKit.framework in Frameworks */ = {isa = PBXBuildFile; fileRef = 9318F6BA175DE8CE00003DF3 /* UIKit.framework */; };
		9318F6E4175DE8CF00003DF3 /* Foundation.framework in Frameworks */ = {isa = PBXBuildFile; fileRef = 9318F6BC175DE8CE00003DF3 /* Foundation.framework */; };
		9318F6EC175DE8CF00003DF3 /* InfoPlist.strings in Resources */ = {isa = PBXBuildFile; fileRef = 9318F6EA175DE8CF00003DF3 /* InfoPlist.strings */; };
		9318F6EF175DE8CF00003DF3 /* RCHGestureGuideTests.m in Sources */ = {isa = PBXBuildFile; fileRef = 9318F6EE175DE8CF00003DF3 /* RCHGestureGuideTests.m */; };
		9318F726175E223400003DF3 /* RCHGestureGuide.m in Sources */ = {isa = PBXBuildFile; fileRef = 9318F717175E223400003DF3 /* RCHGestureGuide.m */; };
		9318F729175E223400003DF3 /* RCHGesturePinch.png in Resources */ = {isa = PBXBuildFile; fileRef = 9318F71B175E223400003DF3 /* RCHGesturePinch.png */; };
		9318F72A175E223400003DF3 /* RCHGesturePinch@2x.png in Resources */ = {isa = PBXBuildFile; fileRef = 9318F71C175E223400003DF3 /* RCHGesturePinch@2x.png */; };
		9318F72B175E223400003DF3 /* RCHGestureRotate.png in Resources */ = {isa = PBXBuildFile; fileRef = 9318F71D175E223400003DF3 /* RCHGestureRotate.png */; };
		9318F72C175E223400003DF3 /* RCHGestureRotate@2x.png in Resources */ = {isa = PBXBuildFile; fileRef = 9318F71E175E223400003DF3 /* RCHGestureRotate@2x.png */; };
		9318F72D175E223400003DF3 /* RCHGestureTap.png in Resources */ = {isa = PBXBuildFile; fileRef = 9318F71F175E223400003DF3 /* RCHGestureTap.png */; };
		9318F72E175E223400003DF3 /* RCHGestureTap@2x.png in Resources */ = {isa = PBXBuildFile; fileRef = 9318F720175E223400003DF3 /* RCHGestureTap@2x.png */; };
		9318F72F175E223400003DF3 /* RCHGestureGuideButton.m in Sources */ = {isa = PBXBuildFile; fileRef = 9318F723175E223400003DF3 /* RCHGestureGuideButton.m */; };
		9318F730175E223400003DF3 /* RCHGestureGuideView.m in Sources */ = {isa = PBXBuildFile; fileRef = 9318F725175E223400003DF3 /* RCHGestureGuideView.m */; };
		933CABE2175F3E980066E217 /* RCHGestureSwipe.png in Resources */ = {isa = PBXBuildFile; fileRef = 933CABDE175F3E980066E217 /* RCHGestureSwipe.png */; };
		933CABE3175F3E980066E217 /* RCHGestureSwipe@2x.png in Resources */ = {isa = PBXBuildFile; fileRef = 933CABDF175F3E980066E217 /* RCHGestureSwipe@2x.png */; };
		933CABE4175F3E980066E217 /* RCHGestureSpread.png in Resources */ = {isa = PBXBuildFile; fileRef = 933CABE0175F3E980066E217 /* RCHGestureSpread.png */; };
		933CABE5175F3E980066E217 /* RCHGestureSpread@2x.png in Resources */ = {isa = PBXBuildFile; fileRef = 933CABE1175F3E980066E217 /* RCHGestureSpread@2x.png */; };
		93B74C001802AA4B00BA20BE /* RCHButton.m in Sources */ = {isa = PBXBuildFile; fileRef = 93B74BFF1802AA4B00BA20BE /* RCHButton.m */; };
/* End PBXBuildFile section */

/* Begin PBXContainerItemProxy section */
		9318F6E5175DE8CF00003DF3 /* PBXContainerItemProxy */ = {
			isa = PBXContainerItemProxy;
			containerPortal = 9318F6AF175DE8CE00003DF3 /* Project object */;
			proxyType = 1;
			remoteGlobalIDString = 9318F6B6175DE8CE00003DF3;
			remoteInfo = RCHGestureGuide;
		};
/* End PBXContainerItemProxy section */

/* Begin PBXFileReference section */
		9318F6B7175DE8CE00003DF3 /* RCHGestureGuide.app */ = {isa = PBXFileReference; explicitFileType = wrapper.application; includeInIndex = 0; path = RCHGestureGuide.app; sourceTree = BUILT_PRODUCTS_DIR; };
		9318F6BA175DE8CE00003DF3 /* UIKit.framework */ = {isa = PBXFileReference; lastKnownFileType = wrapper.framework; name = UIKit.framework; path = System/Library/Frameworks/UIKit.framework; sourceTree = SDKROOT; };
		9318F6BC175DE8CE00003DF3 /* Foundation.framework */ = {isa = PBXFileReference; lastKnownFileType = wrapper.framework; name = Foundation.framework; path = System/Library/Frameworks/Foundation.framework; sourceTree = SDKROOT; };
		9318F6BE175DE8CE00003DF3 /* CoreGraphics.framework */ = {isa = PBXFileReference; lastKnownFileType = wrapper.framework; name = CoreGraphics.framework; path = System/Library/Frameworks/CoreGraphics.framework; sourceTree = SDKROOT; };
		9318F6C2175DE8CE00003DF3 /* RCHGestureGuide-Info.plist */ = {isa = PBXFileReference; lastKnownFileType = text.plist.xml; path = "RCHGestureGuide-Info.plist"; sourceTree = "<group>"; };
		9318F6C4175DE8CE00003DF3 /* en */ = {isa = PBXFileReference; lastKnownFileType = text.plist.strings; name = en; path = en.lproj/InfoPlist.strings; sourceTree = "<group>"; };
		9318F6C6175DE8CE00003DF3 /* main.m */ = {isa = PBXFileReference; lastKnownFileType = sourcecode.c.objc; path = main.m; sourceTree = "<group>"; };
		9318F6C8175DE8CE00003DF3 /* RCHGestureGuide-Prefix.pch */ = {isa = PBXFileReference; lastKnownFileType = sourcecode.c.h; path = "RCHGestureGuide-Prefix.pch"; sourceTree = "<group>"; };
		9318F6C9175DE8CE00003DF3 /* RCHAppDelegate.h */ = {isa = PBXFileReference; lastKnownFileType = sourcecode.c.h; path = RCHAppDelegate.h; sourceTree = "<group>"; };
		9318F6CA175DE8CE00003DF3 /* RCHAppDelegate.m */ = {isa = PBXFileReference; lastKnownFileType = sourcecode.c.objc; path = RCHAppDelegate.m; sourceTree = "<group>"; };
		9318F6CC175DE8CE00003DF3 /* Default.png */ = {isa = PBXFileReference; lastKnownFileType = image.png; path = Default.png; sourceTree = "<group>"; };
		9318F6CE175DE8CE00003DF3 /* Default@2x.png */ = {isa = PBXFileReference; lastKnownFileType = image.png; path = "Default@2x.png"; sourceTree = "<group>"; };
		9318F6D0175DE8CE00003DF3 /* Default-568h@2x.png */ = {isa = PBXFileReference; lastKnownFileType = image.png; path = "Default-568h@2x.png"; sourceTree = "<group>"; };
		9318F6D2175DE8CE00003DF3 /* RCHViewController.h */ = {isa = PBXFileReference; lastKnownFileType = sourcecode.c.h; path = RCHViewController.h; sourceTree = "<group>"; };
		9318F6D3175DE8CE00003DF3 /* RCHViewController.m */ = {isa = PBXFileReference; lastKnownFileType = sourcecode.c.objc; path = RCHViewController.m; sourceTree = "<group>"; };
		9318F6E0175DE8CF00003DF3 /* RCHGestureGuideTests.octest */ = {isa = PBXFileReference; explicitFileType = wrapper.cfbundle; includeInIndex = 0; path = RCHGestureGuideTests.octest; sourceTree = BUILT_PRODUCTS_DIR; };
		9318F6E1175DE8CF00003DF3 /* SenTestingKit.framework */ = {isa = PBXFileReference; lastKnownFileType = wrapper.framework; name = SenTestingKit.framework; path = Library/Frameworks/SenTestingKit.framework; sourceTree = DEVELOPER_DIR; };
		9318F6E9175DE8CF00003DF3 /* RCHGestureGuideTests-Info.plist */ = {isa = PBXFileReference; lastKnownFileType = text.plist.xml; path = "RCHGestureGuideTests-Info.plist"; sourceTree = "<group>"; };
		9318F6EB175DE8CF00003DF3 /* en */ = {isa = PBXFileReference; lastKnownFileType = text.plist.strings; name = en; path = en.lproj/InfoPlist.strings; sourceTree = "<group>"; };
		9318F6ED175DE8CF00003DF3 /* RCHGestureGuideTests.h */ = {isa = PBXFileReference; lastKnownFileType = sourcecode.c.h; path = RCHGestureGuideTests.h; sourceTree = "<group>"; };
		9318F6EE175DE8CF00003DF3 /* RCHGestureGuideTests.m */ = {isa = PBXFileReference; lastKnownFileType = sourcecode.c.objc; path = RCHGestureGuideTests.m; sourceTree = "<group>"; };
		9318F716175E223400003DF3 /* RCHGestureGuide.h */ = {isa = PBXFileReference; fileEncoding = 4; lastKnownFileType = sourcecode.c.h; path = RCHGestureGuide.h; sourceTree = "<group>"; };
		9318F717175E223400003DF3 /* RCHGestureGuide.m */ = {isa = PBXFileReference; fileEncoding = 4; lastKnownFileType = sourcecode.c.objc; path = RCHGestureGuide.m; sourceTree = "<group>"; };
		9318F71B175E223400003DF3 /* RCHGesturePinch.png */ = {isa = PBXFileReference; lastKnownFileType = image.png; path = RCHGesturePinch.png; sourceTree = "<group>"; };
		9318F71C175E223400003DF3 /* RCHGesturePinch@2x.png */ = {isa = PBXFileReference; lastKnownFileType = image.png; path = "RCHGesturePinch@2x.png"; sourceTree = "<group>"; };
		9318F71D175E223400003DF3 /* RCHGestureRotate.png */ = {isa = PBXFileReference; lastKnownFileType = image.png; path = RCHGestureRotate.png; sourceTree = "<group>"; };
		9318F71E175E223400003DF3 /* RCHGestureRotate@2x.png */ = {isa = PBXFileReference; lastKnownFileType = image.png; path = "RCHGestureRotate@2x.png"; sourceTree = "<group>"; };
		9318F71F175E223400003DF3 /* RCHGestureTap.png */ = {isa = PBXFileReference; lastKnownFileType = image.png; path = RCHGestureTap.png; sourceTree = "<group>"; };
		9318F720175E223400003DF3 /* RCHGestureTap@2x.png */ = {isa = PBXFileReference; lastKnownFileType = image.png; path = "RCHGestureTap@2x.png"; sourceTree = "<group>"; };
		9318F722175E223400003DF3 /* RCHGestureGuideButton.h */ = {isa = PBXFileReference; fileEncoding = 4; lastKnownFileType = sourcecode.c.h; path = RCHGestureGuideButton.h; sourceTree = "<group>"; };
		9318F723175E223400003DF3 /* RCHGestureGuideButton.m */ = {isa = PBXFileReference; fileEncoding = 4; lastKnownFileType = sourcecode.c.objc; path = RCHGestureGuideButton.m; sourceTree = "<group>"; };
		9318F724175E223400003DF3 /* RCHGestureGuideView.h */ = {isa = PBXFileReference; fileEncoding = 4; lastKnownFileType = sourcecode.c.h; path = RCHGestureGuideView.h; sourceTree = "<group>"; };
		9318F725175E223400003DF3 /* RCHGestureGuideView.m */ = {isa = PBXFileReference; fileEncoding = 4; lastKnownFileType = sourcecode.c.objc; path = RCHGestureGuideView.m; sourceTree = "<group>"; };
		9327F2F1175F755A00633DF4 /* RCHGestureGuideInterface.h */ = {isa = PBXFileReference; lastKnownFileType = sourcecode.c.h; path = RCHGestureGuideInterface.h; sourceTree = "<group>"; };
		933CABDE175F3E980066E217 /* RCHGestureSwipe.png */ = {isa = PBXFileReference; lastKnownFileType = image.png; path = RCHGestureSwipe.png; sourceTree = "<group>"; };
		933CABDF175F3E980066E217 /* RCHGestureSwipe@2x.png */ = {isa = PBXFileReference; lastKnownFileType = image.png; path = "RCHGestureSwipe@2x.png"; sourceTree = "<group>"; };
		933CABE0175F3E980066E217 /* RCHGestureSpread.png */ = {isa = PBXFileReference; lastKnownFileType = image.png; path = RCHGestureSpread.png; sourceTree = "<group>"; };
		933CABE1175F3E980066E217 /* RCHGestureSpread@2x.png */ = {isa = PBXFileReference; lastKnownFileType = image.png; path = "RCHGestureSpread@2x.png"; sourceTree = "<group>"; };
		93B74BFE1802AA4B00BA20BE /* RCHButton.h */ = {isa = PBXFileReference; fileEncoding = 4; lastKnownFileType = sourcecode.c.h; path = RCHButton.h; sourceTree = "<group>"; };
		93B74BFF1802AA4B00BA20BE /* RCHButton.m */ = {isa = PBXFileReference; fileEncoding = 4; lastKnownFileType = sourcecode.c.objc; path = RCHButton.m; sourceTree = "<group>"; };
/* End PBXFileReference section */

/* Begin PBXFrameworksBuildPhase section */
		9318F6B4175DE8CE00003DF3 /* Frameworks */ = {
			isa = PBXFrameworksBuildPhase;
			buildActionMask = 2147483647;
			files = (
				9318F6BB175DE8CE00003DF3 /* UIKit.framework in Frameworks */,
				9318F6BD175DE8CE00003DF3 /* Foundation.framework in Frameworks */,
				9318F6BF175DE8CE00003DF3 /* CoreGraphics.framework in Frameworks */,
			);
			runOnlyForDeploymentPostprocessing = 0;
		};
		9318F6DC175DE8CF00003DF3 /* Frameworks */ = {
			isa = PBXFrameworksBuildPhase;
			buildActionMask = 2147483647;
			files = (
				9318F6E2175DE8CF00003DF3 /* SenTestingKit.framework in Frameworks */,
				9318F6E3175DE8CF00003DF3 /* UIKit.framework in Frameworks */,
				9318F6E4175DE8CF00003DF3 /* Foundation.framework in Frameworks */,
			);
			runOnlyForDeploymentPostprocessing = 0;
		};
/* End PBXFrameworksBuildPhase section */

/* Begin PBXGroup section */
		9318F6AE175DE8CE00003DF3 = {
			isa = PBXGroup;
			children = (
				9318F6C0175DE8CE00003DF3 /* RCHGestureGuide */,
				9318F6E7175DE8CF00003DF3 /* RCHGestureGuideTests */,
				9318F6B9175DE8CE00003DF3 /* Frameworks */,
				9318F6B8175DE8CE00003DF3 /* Products */,
			);
			sourceTree = "<group>";
		};
		9318F6B8175DE8CE00003DF3 /* Products */ = {
			isa = PBXGroup;
			children = (
				9318F6B7175DE8CE00003DF3 /* RCHGestureGuide.app */,
				9318F6E0175DE8CF00003DF3 /* RCHGestureGuideTests.octest */,
			);
			name = Products;
			sourceTree = "<group>";
		};
		9318F6B9175DE8CE00003DF3 /* Frameworks */ = {
			isa = PBXGroup;
			children = (
				9318F6BA175DE8CE00003DF3 /* UIKit.framework */,
				9318F6BC175DE8CE00003DF3 /* Foundation.framework */,
				9318F6BE175DE8CE00003DF3 /* CoreGraphics.framework */,
				9318F6E1175DE8CF00003DF3 /* SenTestingKit.framework */,
			);
			name = Frameworks;
			sourceTree = "<group>";
		};
		9318F6C0175DE8CE00003DF3 /* RCHGestureGuide */ = {
			isa = PBXGroup;
			children = (
				9318F714175E223400003DF3 /* RCHGestureGuide */,
				9318F6C9175DE8CE00003DF3 /* RCHAppDelegate.h */,
				9318F6CA175DE8CE00003DF3 /* RCHAppDelegate.m */,
				9318F6D2175DE8CE00003DF3 /* RCHViewController.h */,
				9318F6D3175DE8CE00003DF3 /* RCHViewController.m */,
				93B74BFE1802AA4B00BA20BE /* RCHButton.h */,
				93B74BFF1802AA4B00BA20BE /* RCHButton.m */,
				9318F6C1175DE8CE00003DF3 /* Supporting Files */,
			);
			path = RCHGestureGuide;
			sourceTree = "<group>";
		};
		9318F6C1175DE8CE00003DF3 /* Supporting Files */ = {
			isa = PBXGroup;
			children = (
				9318F6C2175DE8CE00003DF3 /* RCHGestureGuide-Info.plist */,
				9318F6C3175DE8CE00003DF3 /* InfoPlist.strings */,
				9318F6C6175DE8CE00003DF3 /* main.m */,
				9318F6C8175DE8CE00003DF3 /* RCHGestureGuide-Prefix.pch */,
				9318F6CC175DE8CE00003DF3 /* Default.png */,
				9318F6CE175DE8CE00003DF3 /* Default@2x.png */,
				9318F6D0175DE8CE00003DF3 /* Default-568h@2x.png */,
			);
			name = "Supporting Files";
			sourceTree = "<group>";
		};
		9318F6E7175DE8CF00003DF3 /* RCHGestureGuideTests */ = {
			isa = PBXGroup;
			children = (
				9318F6ED175DE8CF00003DF3 /* RCHGestureGuideTests.h */,
				9318F6EE175DE8CF00003DF3 /* RCHGestureGuideTests.m */,
				9318F6E8175DE8CF00003DF3 /* Supporting Files */,
			);
			path = RCHGestureGuideTests;
			sourceTree = "<group>";
		};
		9318F6E8175DE8CF00003DF3 /* Supporting Files */ = {
			isa = PBXGroup;
			children = (
				9318F6E9175DE8CF00003DF3 /* RCHGestureGuideTests-Info.plist */,
				9318F6EA175DE8CF00003DF3 /* InfoPlist.strings */,
			);
			name = "Supporting Files";
			sourceTree = "<group>";
		};
		9318F714175E223400003DF3 /* RCHGestureGuide */ = {
			isa = PBXGroup;
			children = (
				9318F715175E223400003DF3 /* Core */,
				9318F718175E223400003DF3 /* Images */,
				9318F721175E223400003DF3 /* Views */,
			);
			path = RCHGestureGuide;
			sourceTree = "<group>";
		};
		9318F715175E223400003DF3 /* Core */ = {
			isa = PBXGroup;
			children = (
				9327F2F1175F755A00633DF4 /* RCHGestureGuideInterface.h */,
				9318F716175E223400003DF3 /* RCHGestureGuide.h */,
				9318F717175E223400003DF3 /* RCHGestureGuide.m */,
			);
			path = Core;
			sourceTree = "<group>";
		};
		9318F718175E223400003DF3 /* Images */ = {
			isa = PBXGroup;
			children = (
				933CABDE175F3E980066E217 /* RCHGestureSwipe.png */,
				933CABDF175F3E980066E217 /* RCHGestureSwipe@2x.png */,
				933CABE0175F3E980066E217 /* RCHGestureSpread.png */,
				933CABE1175F3E980066E217 /* RCHGestureSpread@2x.png */,
				9318F71B175E223400003DF3 /* RCHGesturePinch.png */,
				9318F71C175E223400003DF3 /* RCHGesturePinch@2x.png */,
				9318F71D175E223400003DF3 /* RCHGestureRotate.png */,
				9318F71E175E223400003DF3 /* RCHGestureRotate@2x.png */,
				9318F71F175E223400003DF3 /* RCHGestureTap.png */,
				9318F720175E223400003DF3 /* RCHGestureTap@2x.png */,
			);
			path = Images;
			sourceTree = "<group>";
		};
		9318F721175E223400003DF3 /* Views */ = {
			isa = PBXGroup;
			children = (
				9318F722175E223400003DF3 /* RCHGestureGuideButton.h */,
				9318F723175E223400003DF3 /* RCHGestureGuideButton.m */,
				9318F724175E223400003DF3 /* RCHGestureGuideView.h */,
				9318F725175E223400003DF3 /* RCHGestureGuideView.m */,
			);
			path = Views;
			sourceTree = "<group>";
		};
/* End PBXGroup section */

/* Begin PBXNativeTarget section */
		9318F6B6175DE8CE00003DF3 /* RCHGestureGuide */ = {
			isa = PBXNativeTarget;
			buildConfigurationList = 9318F6F2175DE8CF00003DF3 /* Build configuration list for PBXNativeTarget "RCHGestureGuide" */;
			buildPhases = (
				9318F6B3175DE8CE00003DF3 /* Sources */,
				9318F6B4175DE8CE00003DF3 /* Frameworks */,
				9318F6B5175DE8CE00003DF3 /* Resources */,
			);
			buildRules = (
			);
			dependencies = (
			);
			name = RCHGestureGuide;
			productName = RCHGestureGuide;
			productReference = 9318F6B7175DE8CE00003DF3 /* RCHGestureGuide.app */;
			productType = "com.apple.product-type.application";
		};
		9318F6DF175DE8CF00003DF3 /* RCHGestureGuideTests */ = {
			isa = PBXNativeTarget;
			buildConfigurationList = 9318F6F5175DE8CF00003DF3 /* Build configuration list for PBXNativeTarget "RCHGestureGuideTests" */;
			buildPhases = (
				9318F6DB175DE8CF00003DF3 /* Sources */,
				9318F6DC175DE8CF00003DF3 /* Frameworks */,
				9318F6DD175DE8CF00003DF3 /* Resources */,
				9318F6DE175DE8CF00003DF3 /* ShellScript */,
			);
			buildRules = (
			);
			dependencies = (
				9318F6E6175DE8CF00003DF3 /* PBXTargetDependency */,
			);
			name = RCHGestureGuideTests;
			productName = RCHGestureGuideTests;
			productReference = 9318F6E0175DE8CF00003DF3 /* RCHGestureGuideTests.octest */;
			productType = "com.apple.product-type.bundle";
		};
/* End PBXNativeTarget section */

/* Begin PBXProject section */
		9318F6AF175DE8CE00003DF3 /* Project object */ = {
			isa = PBXProject;
			attributes = {
				CLASSPREFIX = RCH;
				LastUpgradeCheck = 0460;
				ORGANIZATIONNAME = "Robin Hayward";
			};
			buildConfigurationList = 9318F6B2175DE8CE00003DF3 /* Build configuration list for PBXProject "RCHGestureGuide" */;
			compatibilityVersion = "Xcode 3.2";
			developmentRegion = English;
			hasScannedForEncodings = 0;
			knownRegions = (
				en,
			);
			mainGroup = 9318F6AE175DE8CE00003DF3;
			productRefGroup = 9318F6B8175DE8CE00003DF3 /* Products */;
			projectDirPath = "";
			projectRoot = "";
			targets = (
				9318F6B6175DE8CE00003DF3 /* RCHGestureGuide */,
				9318F6DF175DE8CF00003DF3 /* RCHGestureGuideTests */,
			);
		};
/* End PBXProject section */

/* Begin PBXResourcesBuildPhase section */
		9318F6B5175DE8CE00003DF3 /* Resources */ = {
			isa = PBXResourcesBuildPhase;
			buildActionMask = 2147483647;
			files = (
				9318F6C5175DE8CE00003DF3 /* InfoPlist.strings in Resources */,
				9318F6CD175DE8CE00003DF3 /* Default.png in Resources */,
				9318F6CF175DE8CE00003DF3 /* Default@2x.png in Resources */,
				9318F6D1175DE8CE00003DF3 /* Default-568h@2x.png in Resources */,
				9318F729175E223400003DF3 /* RCHGesturePinch.png in Resources */,
				9318F72A175E223400003DF3 /* RCHGesturePinch@2x.png in Resources */,
				9318F72B175E223400003DF3 /* RCHGestureRotate.png in Resources */,
				9318F72C175E223400003DF3 /* RCHGestureRotate@2x.png in Resources */,
				9318F72D175E223400003DF3 /* RCHGestureTap.png in Resources */,
				9318F72E175E223400003DF3 /* RCHGestureTap@2x.png in Resources */,
				933CABE2175F3E980066E217 /* RCHGestureSwipe.png in Resources */,
				933CABE3175F3E980066E217 /* RCHGestureSwipe@2x.png in Resources */,
				933CABE4175F3E980066E217 /* RCHGestureSpread.png in Resources */,
				933CABE5175F3E980066E217 /* RCHGestureSpread@2x.png in Resources */,
			);
			runOnlyForDeploymentPostprocessing = 0;
		};
		9318F6DD175DE8CF00003DF3 /* Resources */ = {
			isa = PBXResourcesBuildPhase;
			buildActionMask = 2147483647;
			files = (
				9318F6EC175DE8CF00003DF3 /* InfoPlist.strings in Resources */,
			);
			runOnlyForDeploymentPostprocessing = 0;
		};
/* End PBXResourcesBuildPhase section */

/* Begin PBXShellScriptBuildPhase section */
		9318F6DE175DE8CF00003DF3 /* ShellScript */ = {
			isa = PBXShellScriptBuildPhase;
			buildActionMask = 2147483647;
			files = (
			);
			inputPaths = (
			);
			outputPaths = (
			);
			runOnlyForDeploymentPostprocessing = 0;
			shellPath = /bin/sh;
			shellScript = "# Run the unit tests in this test bundle.\n\"${SYSTEM_DEVELOPER_DIR}/Tools/RunUnitTests\"\n";
		};
/* End PBXShellScriptBuildPhase section */

/* Begin PBXSourcesBuildPhase section */
		9318F6B3175DE8CE00003DF3 /* Sources */ = {
			isa = PBXSourcesBuildPhase;
			buildActionMask = 2147483647;
			files = (
				9318F6C7175DE8CE00003DF3 /* main.m in Sources */,
				9318F6CB175DE8CE00003DF3 /* RCHAppDelegate.m in Sources */,
				9318F6D4175DE8CE00003DF3 /* RCHViewController.m in Sources */,
				93B74C001802AA4B00BA20BE /* RCHButton.m in Sources */,
				9318F726175E223400003DF3 /* RCHGestureGuide.m in Sources */,
				9318F72F175E223400003DF3 /* RCHGestureGuideButton.m in Sources */,
				9318F730175E223400003DF3 /* RCHGestureGuideView.m in Sources */,
			);
			runOnlyForDeploymentPostprocessing = 0;
		};
		9318F6DB175DE8CF00003DF3 /* Sources */ = {
			isa = PBXSourcesBuildPhase;
			buildActionMask = 2147483647;
			files = (
				9318F6EF175DE8CF00003DF3 /* RCHGestureGuideTests.m in Sources */,
			);
			runOnlyForDeploymentPostprocessing = 0;
		};
/* End PBXSourcesBuildPhase section */

/* Begin PBXTargetDependency section */
		9318F6E6175DE8CF00003DF3 /* PBXTargetDependency */ = {
			isa = PBXTargetDependency;
			target = 9318F6B6175DE8CE00003DF3 /* RCHGestureGuide */;
			targetProxy = 9318F6E5175DE8CF00003DF3 /* PBXContainerItemProxy */;
		};
/* End PBXTargetDependency section */

/* Begin PBXVariantGroup section */
		9318F6C3175DE8CE00003DF3 /* InfoPlist.strings */ = {
			isa = PBXVariantGroup;
			children = (
				9318F6C4175DE8CE00003DF3 /* en */,
			);
			name = InfoPlist.strings;
			sourceTree = "<group>";
		};
		9318F6EA175DE8CF00003DF3 /* InfoPlist.strings */ = {
			isa = PBXVariantGroup;
			children = (
				9318F6EB175DE8CF00003DF3 /* en */,
			);
			name = InfoPlist.strings;
			sourceTree = "<group>";
		};
/* End PBXVariantGroup section */

/* Begin XCBuildConfiguration section */
		9318F6F0175DE8CF00003DF3 /* Debug */ = {
			isa = XCBuildConfiguration;
			buildSettings = {
				ALWAYS_SEARCH_USER_PATHS = NO;
				CLANG_CXX_LANGUAGE_STANDARD = "gnu++0x";
				CLANG_CXX_LIBRARY = "libc++";
				CLANG_ENABLE_OBJC_ARC = YES;
				CLANG_WARN_CONSTANT_CONVERSION = YES;
				CLANG_WARN_EMPTY_BODY = YES;
				CLANG_WARN_ENUM_CONVERSION = YES;
				CLANG_WARN_INT_CONVERSION = YES;
				CLANG_WARN__DUPLICATE_METHOD_MATCH = YES;
				"CODE_SIGN_IDENTITY[sdk=iphoneos*]" = "iPhone Developer";
				COPY_PHASE_STRIP = NO;
				GCC_C_LANGUAGE_STANDARD = gnu99;
				GCC_DYNAMIC_NO_PIC = NO;
				GCC_OPTIMIZATION_LEVEL = 0;
				GCC_PREPROCESSOR_DEFINITIONS = (
					"DEBUG=1",
					"$(inherited)",
				);
				GCC_SYMBOLS_PRIVATE_EXTERN = NO;
				GCC_WARN_ABOUT_RETURN_TYPE = YES;
				GCC_WARN_UNINITIALIZED_AUTOS = YES;
				GCC_WARN_UNUSED_VARIABLE = YES;
				IPHONEOS_DEPLOYMENT_TARGET = 7.0;
				ONLY_ACTIVE_ARCH = YES;
				SDKROOT = iphoneos;
				TARGETED_DEVICE_FAMILY = "1,2";
			};
			name = Debug;
		};
		9318F6F1175DE8CF00003DF3 /* Release */ = {
			isa = XCBuildConfiguration;
			buildSettings = {
				ALWAYS_SEARCH_USER_PATHS = NO;
				CLANG_CXX_LANGUAGE_STANDARD = "gnu++0x";
				CLANG_CXX_LIBRARY = "libc++";
				CLANG_ENABLE_OBJC_ARC = YES;
				CLANG_WARN_CONSTANT_CONVERSION = YES;
				CLANG_WARN_EMPTY_BODY = YES;
				CLANG_WARN_ENUM_CONVERSION = YES;
				CLANG_WARN_INT_CONVERSION = YES;
				CLANG_WARN__DUPLICATE_METHOD_MATCH = YES;
				"CODE_SIGN_IDENTITY[sdk=iphoneos*]" = "iPhone Developer";
				COPY_PHASE_STRIP = YES;
				GCC_C_LANGUAGE_STANDARD = gnu99;
				GCC_WARN_ABOUT_RETURN_TYPE = YES;
				GCC_WARN_UNINITIALIZED_AUTOS = YES;
				GCC_WARN_UNUSED_VARIABLE = YES;
				IPHONEOS_DEPLOYMENT_TARGET = 7.0;
				OTHER_CFLAGS = "-DNS_BLOCK_ASSERTIONS=1";
				SDKROOT = iphoneos;
				TARGETED_DEVICE_FAMILY = "1,2";
				VALIDATE_PRODUCT = YES;
			};
			name = Release;
		};
		9318F6F3175DE8CF00003DF3 /* Debug */ = {
			isa = XCBuildConfiguration;
			buildSettings = {
				GCC_PRECOMPILE_PREFIX_HEADER = YES;
				GCC_PREFIX_HEADER = "RCHGestureGuide/RCHGestureGuide-Prefix.pch";
				INFOPLIST_FILE = "RCHGestureGuide/RCHGestureGuide-Info.plist";
				IPHONEOS_DEPLOYMENT_TARGET = 7.0;
				PRODUCT_NAME = "$(TARGET_NAME)";
				WRAPPER_EXTENSION = app;
			};
			name = Debug;
		};
		9318F6F4175DE8CF00003DF3 /* Release */ = {
			isa = XCBuildConfiguration;
			buildSettings = {
				GCC_PRECOMPILE_PREFIX_HEADER = YES;
				GCC_PREFIX_HEADER = "RCHGestureGuide/RCHGestureGuide-Prefix.pch";
				INFOPLIST_FILE = "RCHGestureGuide/RCHGestureGuide-Info.plist";
				IPHONEOS_DEPLOYMENT_TARGET = 7.0;
				PRODUCT_NAME = "$(TARGET_NAME)";
				WRAPPER_EXTENSION = app;
			};
			name = Release;
		};
		9318F6F6175DE8CF00003DF3 /* Debug */ = {
			isa = XCBuildConfiguration;
			buildSettings = {
				BUNDLE_LOADER = "$(BUILT_PRODUCTS_DIR)/RCHGestureGuide.app/RCHGestureGuide";
				FRAMEWORK_SEARCH_PATHS = (
					"\"$(SDKROOT)/Developer/Library/Frameworks\"",
					"\"$(DEVELOPER_LIBRARY_DIR)/Frameworks\"",
				);
				GCC_PRECOMPILE_PREFIX_HEADER = YES;
				GCC_PREFIX_HEADER = "RCHGestureGuide/RCHGestureGuide-Prefix.pch";
				INFOPLIST_FILE = "RCHGestureGuideTests/RCHGestureGuideTests-Info.plist";
				PRODUCT_NAME = "$(TARGET_NAME)";
				TEST_HOST = "$(BUNDLE_LOADER)";
				WRAPPER_EXTENSION = octest;
			};
			name = Debug;
		};
		9318F6F7175DE8CF00003DF3 /* Release */ = {
			isa = XCBuildConfiguration;
			buildSettings = {
				BUNDLE_LOADER = "$(BUILT_PRODUCTS_DIR)/RCHGestureGuide.app/RCHGestureGuide";
				FRAMEWORK_SEARCH_PATHS = (
					"\"$(SDKROOT)/Developer/Library/Frameworks\"",
					"\"$(DEVELOPER_LIBRARY_DIR)/Frameworks\"",
				);
				GCC_PRECOMPILE_PREFIX_HEADER = YES;
				GCC_PREFIX_HEADER = "RCHGestureGuide/RCHGestureGuide-Prefix.pch";
				INFOPLIST_FILE = "RCHGestureGuideTests/RCHGestureGuideTests-Info.plist";
				PRODUCT_NAME = "$(TARGET_NAME)";
				TEST_HOST = "$(BUNDLE_LOADER)";
				WRAPPER_EXTENSION = octest;
			};
			name = Release;
		};
/* End XCBuildConfiguration section */

/* Begin XCConfigurationList section */
		9318F6B2175DE8CE00003DF3 /* Build configuration list for PBXProject "RCHGestureGuide" */ = {
			isa = XCConfigurationList;
			buildConfigurations = (
				9318F6F0175DE8CF00003DF3 /* Debug */,
				9318F6F1175DE8CF00003DF3 /* Release */,
			);
			defaultConfigurationIsVisible = 0;
			defaultConfigurationName = Release;
		};
		9318F6F2175DE8CF00003DF3 /* Build configuration list for PBXNativeTarget "RCHGestureGuide" */ = {
			isa = XCConfigurationList;
			buildConfigurations = (
				9318F6F3175DE8CF00003DF3 /* Debug */,
				9318F6F4175DE8CF00003DF3 /* Release */,
			);
			defaultConfigurationIsVisible = 0;
			defaultConfigurationName = Release;
		};
		9318F6F5175DE8CF00003DF3 /* Build configuration list for PBXNativeTarget "RCHGestureGuideTests" */ = {
			isa = XCConfigurationList;
			buildConfigurations = (
				9318F6F6175DE8CF00003DF3 /* Debug */,
				9318F6F7175DE8CF00003DF3 /* Release */,
			);
			defaultConfigurationIsVisible = 0;
			defaultConfigurationName = Release;
		};
/* End XCConfigurationList section */
	};
	rootObject = 9318F6AF175DE8CE00003DF3 /* Project object */;
}
